# This file is automatically generated and should not be edited manually.

[[package]]
name = "todo-sync-app"
version = "0.1.0"
dependencies = [
    "tauri",
    "serde",
    "serde_json",
]

[[package]]
name = "async-trait"
version = "0.1.80"
source = "registry+https://github.com/rust-lang/crates.io-index"
checksum = "5a46d4c32997044e6f1b4e5c9d0e3530f729ff5e51b2150258231819977255b5"

[[package]]
name = "autocfg"
version = "1.1.0"
source = "registry+https://github.com/rust-lang/crates.io-index"
checksum = "d468802bab17cbc0cc575e9b053f412e7a94525576374d3c50726998a38becf9"

[[package]]
name = "bitflags"
version = "2.4.1"
source = "registry+https://github.com/rust-lang/crates.io-index"
checksum = "8593396017e375295d1284a3e7410b5128d8f52af291c56693c5ad858f745611"

[[package]]
name = "cfg-if"
version = "1.0.0"
source = "registry+https://github.com/rust-lang/crates.io-index"
checksum = "baf1de43279975e668cd6d85fc5a1d5c79863331468526f1877407d4f14288e1"

[[package]]
name = "cohere"
version = "0.2.0"
source = "registry+https://github.com/rust-lang/crates.io-index"
checksum = "3587a6b7430a893430d8c1317d6d0185e8210f123e61597381b3d37ebe0601f3"

[[package]]
name = "constcat"
version = "0.1.3"
source = "registry+https://github.com/rust-lang/crates.io-index"
checksum = "17c80c333a3b425d87f86134b95b7e0025d21011d844b14414284b9500906715"

[[package]]
name = "cookie"
version = "0.18.1"
source = "registry+https://github.com/rust-lang/crates.io-index"
checksum = "f1d3367b3a19720ce49b27e2d059dce4987d39079722c3c31a5ff0a03a3c8105"

[[package]]
name = "cookie-factory"
version = "0.2.4"
source = "registry+https://github.com/rust-lang/crates.io-index"
checksum = "c6a1672938a60711e41b4a7524d9e74d380571364543f636434c51b0d7393d1d"

[[package]]
name = "criterion"
version = "0.5.1"
source = "registry+https://github.com/rust-lang/crates.io-index"
checksum = "03e067252120622179726d70b7767f342c81e8421a2a7906f8191910230b1d29"

[[package]]
name = "crossbeam-utils"
version = "0.8.20"
source = "registry+https://github.com/rust-lang/crates.io-index"
checksum = "5275013c3649b65e515a2d1f0c1a4a90b1e8b33a44088b899f914d297c3345f0"

[[package]]
name = "derivative"
version = "2.0.10"
source = "registry+https://github.com/rust-lang/crates.io-index"
checksum = "56a41e0c7833a12b8b1512220d7185689d7d3b4431e020b123846f15e6f44258"

[[package]]
name = "dlopen"
version = "0.1.8"
source = "registry+https://github.com/rust-lang/crates.io-index"
checksum = "7fc0b93a8704d3c9735e091414f7f67d5e712c02029834172f364c77829b72b6"

[[package]]
name = "dunce"
version = "1.0.4"
source = "registry+https://github.com/rust-lang/crates.io-index"
checksum = "5e4126003059f6045830134e4c7b32c131d60008e3a40128c010e3b1b21a5013"

[[package]]
name = "fastrand"
version = "2.0.1"
source = "registry+https://github.com/rust-lang/crates.io-index"
checksum = "96755455e8c43372654b3b13137ec97498a5e3c5561c7f65d705c569b333e000"

[[package]]
name = "field-offset"
version = "0.3.5"
source = "registry+https://github.com/rust-lang/crates.io-index"
checksum = "204a47104b827e9693808b45c7d9c22b05ff97448148145647534c0125b31b00"

[[package]]
name = "form_urlencoded"
version = "1.2.1"
source = "registry+https://github.com/rust-lang/crates.io-index"
checksum = "e103a56914e80081f7f6c190f29988b0917027e65678c07b6e9634d3b2213e67"

[[package]]
name = "futures"
version = "0.3.30"
source = "registry+https://github.com/rust-lang/crates.io-index"
checksum = "407450107018198c9bfb5060f97a0e92a1b6d11989d251a570365d554625f120"

[[package]]
name = "futures-channel"
version = "0.3.30"
source = "registry+https://github.com/rust-lang/crates.io-index"
checksum = "6061a84b59e9721506385b77220d83c6a255f3c0e1d14183b44913502b77c6d3"

[[package]]
name = "futures-core"
version = "0.3.30"
source = "registry+https://github.com/rust-lang/crates.io-index"
checksum = "335e4504f12d691314078c5268120a506b15501311c49d783e751b403065a4b0"

[[package]]
name = "futures-executor"
version = "0.3.30"
source = "registry+https://github.com/rust-lang/crates.io-index"
checksum = "b824969c6e243917845d8288d1b2d54270b2d485d3d363677270a9191f0231d7"

[[package]]
name = "futures-io"
version = "0.3.30"
source = "registry+https://github.com/rust-lang/crates.io-index"
checksum = "21283295040ec063b73e3c1d68028433138a0312f5e1818c06051412dce71894"

[[package]]
name = "futures-task"
version = "0.3.30"
source = "registry+https://github.com/rust-lang/crates.io-index"
checksum = "c9b675e5e5405b125d5c2c651383a818d83eada499cddc7f25852e379471e43c"

[[package]]
name = "futures-util"
version = "0.3.30"
source = "registry+https://github.com/rust-lang/crates.io-index"
checksum = "8b311d1ec16c079031d21714553d024b4f5a1e6b7022c415c48002d432b270b5"

[[package]]
name = "http"
version = "1.0.0"
source = "registry+https://github.com/rust-lang/crates.io-index"
checksum = "b1e2503a690f72408f48403e81b2e1b930512c0a60d82b92978cb9e196920691"

[[package]]
name = "http-body"
version = "1.0.1"
source = "registry+https://github.com/rust-lang/crates.io-index"
checksum = "45806d5053f05b07b107893014a31e90c861a9b6086022523b3d9b75606935ef"

[[package]]
name = "httparse"
version = "1.8.1"
source = "registry+https://github.com/rust-lang/crates.io-index"
checksum = "b497a0c83620b7977d25e031a48c4d013ff27e2c134591f53d0b68a68c0fca7d"

[[package]]
name = "httpdate"
version = "1.0.3"
source = "registry+https://github.com/rust-lang/crates.io-index"
checksum = "f51e1423b0429b247a896372c10e285b096673150d63030c214310a191e7f114"

[[package]]
name = "hyper"
version = "1.1.0"
source = "registry+https://github.com/rust-lang/crates.io-index"
checksum = "295d427d87712688d93b3a2070115c861d6384112ac0061eaf26491d01c61113"

[[package]]
name = "hyper-tls"
version = "0.5.0"
source = "registry+https://github.com/rust-lang/crates.io-index"
checksum = "602a986881477b09d8f81816c88b026631a0b56516a20e9f82f8ed32c1d86d9f"

[[package]]
name = "indexmap"
version = "2.2.6"
source = "registry+https://github.com/rust-lang/crates.io-index"
checksum = "54111b53271487ff0e7f8c92190286290c333b2d7851e86641a20702c2077532"

[[package]]
name = "ipnet"
version = "2.7.0"
source = "registry+https://github.com/rust-lang/crates.io-index"
checksum = "b753975e93756815c41d54d7643297a7515f6079531153d3b7f865361a93b2d4"

[[package]]
name = "itertools"
version = "0.12.1"
source = "registry+https://github.com/rust-lang/crates.io-index"
checksum = "c47278e40600028959774b5095a3a82d7c157848211a7582123831f9105b6966"

[[package]]
name = "libc"
version = "0.2.150"
source = "registry+https://github.com/rust-lang/crates.io-index"
checksum = "34c8792a7f7e6e5e40b0e001d0495615c7c169630c374b13a5f2577c9f105354"

[[package]]
name = "linux-raw-sys"
version = "0.4.11"
source = "registry+https://github.com/rust-lang/crates.io-index"
checksum = "4d36c386c44b9a672730f7504de7625f35c8521c6024e998750da8091d483a94"

[[package]]
name = "lock_api"
version = "0.4.11"
source = "registry+https://github.com/rust-lang/crates.io-index"
checksum = "62c4450912fdd7f6311b40d8a128e2872404407670c64c72381e9a2502d9a1e1"

[[package]]
name = "log"
version = "0.4.21"
source = "registry+https://github.com/rust-lang/crates.io-index"
checksum = "1a568da81f6c9a127463641b0448d01d9119c1b4f2ce24e002995a8bcb109b41"

[[package]]
name = "matches"
version = "0.1.9"
source = "registry+https://github.com/rust-lang/crates.io-index"
checksum = "54221067e1215d54c1837d4612a190ec87841e0f084df2b0881b02a99726e413"

[[package]]
name = "maybe-async"
version = "0.1.1"
source = "registry+https://github.com/rust-lang/crates.io-index"
checksum = "0de5a919d3334228ab4498b02861c329974b023f9d82363373a8755749b0c84f"

[[package]]
name = "memchr"
version = "2.6.3"
source = "registry+https://github.com/rust-lang/crates.io-index"
checksum = "597303c0b22631b29654c9e0374a4828d40037778f376188258be1c15531b573"

[[package]]
name = "memoffset"
version = "0.9.1"
source = "registry+https://github.com/rust-lang/crates.io-index"
checksum = "112ef0d14a8c87021371307d45e11df1b06b60c2a0d7b4da4572f8891de83d05"

[[package]]
name = "net2"
version = "0.2.5"
source = "registry+https://github.com/rust-lang/crates.io-index"
checksum = "a6155f72b00c4c1b0eef9118d539953167615070d1bdf94b90f8de8d6755b222"

[[package]]
name = "num-traits"
version = "0.2.17"
source = "registry+https://github.com/rust-lang/crates.io-index"
checksum = "e0d8578aaf8429c315315a460300c5309f429807374b7a236d9029c0b3799420"

[[package]]
name = "once_cell"
version = "1.19.0"
source = "registry+https://github.com/rust-lang/crates.io-index"
checksum = "35c8f0810e3d8b3c968651de71a2107079d911b90b8d09c82235a19a9fddc104"

[[package]]
name = "parking"
version = "2.2.0"
source = "registry+https://github.com/rust-lang/crates.io-index"
checksum = "7692b26204a079d9178132c7e89f57314d7815547d39a9d23b98f8150172c2e4"

[[package]]
name = "parking_lot"
version = "0.12.1"
source = "registry+https://github.com/rust-lang/crates.io-index"
checksum = "62552d8bde10d39c6e5d47111356d7845f5463222b9e69a7c0904e40114e154f"

[[package]]
name = "parking_lot_core"
version = "0.9.9"
source = "registry+https://github.com/rust-lang/crates.io-index"
checksum = "2a4096876d501c170b3c2718002f73257cbe39146800a197160440589d3e8412"

[[package]]
name = "percent-encoding"
version = "2.3.1"
source = "registry+https://github.com/rust-lang/crates.io-index"
checksum = "a84570986c70d3f79f5e8b671a44a80ff1fcb9491395c1e79d0178d82a2a06c4"

[[package]]
name = "pin-project"
version = "1.1.5"
source = "registry+https://github.com/rust-lang/crates.io-index"
checksum = "c41223413bfc0e99e576dfe8a4e08ec03880a0f5155e73120d51551f339f9274"

[[package]]
name = "pin-project-lite"
version = "0.2.13"
source = "registry+https://github.com/rust-lang/crates.io-index"
checksum = "0c4c81a956eae01220a351e63b4d941a78543035d5f9a9210473568d8105f1d1"

[[package]]
name = "pin-utils"
version = "0.1.0"
source = "registry+https://github.com/rust-lang/crates.io-index"
checksum = "8b8c76d9f1d70e20a4a32530b6907d1e5b8e20211c37d5f2be45a6e1c16a454c"

[[package]]
name = "pkg-config"
version = "0.3.30"
source = "registry+https://github.com/rust-lang/crates.io-index"
checksum = "68d47b698323f05e81a3d1074eef3989a94c768124415c9c62b625d7b9554521"

[[package]]
name = "proc-macro2"
version = "1.0.80"
source = "registry+https://github.com/rust-lang/crates.io-index"
checksum = "3d58b864a0d5e3f744d69d738094f12400c85847e6a7b8103d1320e0302f0c8d"

[[package]]
name = "quick-error"
version = "1.2.3"
source = "registry+https://github.com/rrust-lang/crates.io-index"
checksum = "410c5201a33b606ebed923b10f3d8118f12b0e3174b5f03879d4889816417df1"

[[package]]
name = "quote"
version = "1.0.35"
source = "registry+https://github.com/rust-lang/crates.io-index"
checksum = "5b45e2b05217777e0a3506a79901d8de575a87868f34420670c2775d2a4b121c"

[[package]]
name = "rand"
version = "0.8.5"
source = "registry+https://github.com/rust-lang/crates.io-index"
checksum = "1829b9932797880162b304d0a508c3e089aef4d45d23b684ec9d0e8f03037d1f"

[[package]]
name = "redox_syscall"
version = "0.3.5"
source = "registry+https://github.com/rust-lang/crates.io-index"
checksum = "023c7b23a7167982742155c137d9a243f711955d28c04025c7608093c10be1d0"

[[package]]
name = "regex-syntax"
version = "0.7.5"
source = "registry+https://github.com/rust-lang/crates.io-index"
checksum = "a0008e84003169570227d1407289f3504b919b8f229749e823338e0225d85e5d"

[[package]]
name = "reqwest"
version = "0.11.24"
source = "registry+https://github.com/rust-lang/crates.io-index"
checksum = "b5f267a52c871094373924284659824e9c671624f74382f28886e1d083628400"

[[package]]
name = "rustc-version"
version = "0.4.0"
source = "registry+https://github.com/rust-lang/crates.io-index"
checksum = "c45744a7b9a850d6186902e60f13a0c407667b261961936d7a3078b13197d6e3"

[[package]]
name = "ryu"
version = "1.0.15"
source = "registry+https://github.com/rust-lang/crates.io-index"
checksum = "29f2068147d081d1152c071b1a6265b4239e3873725c1e8e8132e5f104f5672d"

[[package]]
name = "schannel"
version = "0.1.23"
source = "registry+https://github.com/rust-lang/crates.io-index"
checksum = "88128982a12c6480f0b2cdee71bc5c8d5240013472637846147f53f621b8e8f0"

[[package]]
name = "scopeguard"
version = "1.2.0"
source = "registry+https://github.com/rust-lang/crates.io-index"
checksum = "9429a1d5a2c3073815d48e9409817d6b7348f211b2ec9103461d7f78f38d650e"

[[package]]
name = "serde"
version = "1.0.197"
source = "registry+https://github.com/rust-lang/crates.io-index"
checksum = "732b280097a533126f471f41e848158703d468988c0b26d07418f294459f5778"

[[package]]
name = "serde_json"
version = "1.0.114"
source = "registry+https://github.com/rust-lang/crates.io-index"
checksum = "10c5b1a98617d032348267699610070274a0c7b0e9199f0325184a2011c437b6"

[[package]]
name = "serde_urlencoded"
version = "0.7.1"
source = "registry+https://github.com/rust-lang/crates.io-index"
checksum = "f916e08d55c9c7b2d11310f1414b34158774b330064d6e17031288e73c59e8a2"

[[package]]
name = "sha-1"
version = "0.10.1"
source = "registry+https://github.com/rust-lang/crates.io-index"
checksum = "8f090b13a7580b6f6f1c440fde216a825f4d06d5764eab6217f02779c0a077d7"

[[package]]
name = "signal-hook"
version = "0.3.17"
source = "registry+https://github.com/rust-lang/crates.io-index"
checksum = "48165a7285d4c11b1e3f3492a4d055020d3e013a0b6d3c25e00f90136f23855e"

[[package]]
name = "signal-hook-registry"
version = "0.3.14"
source = "registry+https://github.com/rust-lang/crates.io-index"
checksum = "a129d517b18f6c26165b9a0e9607b105a30c884e56277430a19c600680ef2384"

[[package]]
name = "smallvec"
version = "1.13.2"
source = "registry+https://github.com/rust-lang/crates.io-index"
checksum = "a66b2975e6111b5495d01f64682c39f11d9604b94a709584b10a32468b591003"

[[package]]
name = "socket2"
version = "0.5.7"
source = "registry+https://github.com/rust-lang/crates.io-index"
checksum = "907f788f18c398315e6b56d9252d4536b1b5908107266052d5c8e401b1037a55"

[[package]]
name = "spin"
version = "0.5.2"
source = "registry+https://github.com/rust-lang/crates.io-index"
checksum = "697d747db36b581658e1061c204e1c498a03a7a0944f0170120dfcc515003024"

[[package]]
name = "strsim"
version = "0.10.0"
source = "registry+https://github.com/rust-lang/crates.io-index"
checksum = "7a16d2b98f2c1b8842557e41c7122397fb62a0a095134a202f203e6b6150bfe4"

[[package]]
name = "tauri"
version = "2.0.0-beta.18"
source = "registry+https://github.com/rust-lang/crates.io-index"
checksum = "0a374078d25999c1629e270005a32865520875477925f9101487797f67f101ff"
dependencies = [
    "tauri-build",
    "tauri-runtime-wry",
    "tokio",
    "serde",
]

[[package]]
name = "tauri-build"
version = "2.0.0-beta.15"
source = "registry+https://github.com/rust-lang/crates.io-index"
checksum = "1b9d6c83c6a6f274e3a6d0d0b7c8c8d8c3a3d0f7b7d9a7a4d9d8e8f8e7e0d2d8"
dependencies = [
    "tauri-runtime-wry",
]

[[package]]
name = "tauri-runtime-wry"
version = "2.0.0-beta.13"
source = "registry+https://github.com/rust-lang/crates.io-index"
checksum = "e7704f2d1a5c6f8d9a1b3c2d1e4a7c8d3e7e5f2a9a0b2c3a8f4c7f2a0b2c3d4e"
dependencies = [
    "tokio",
]

[[package]]
name = "thiserror"
version = "1.0.58"
source = "registry+https://github.com/rust-lang/crates.io-index"
checksum = "0016470925f5b71d9937c7032e4a77e0d48465397d9020922e9c1b7141715b4c"

[[package]]
name = "thiserror-impl"
version = "1.0.58"
source = "registry+https://github.com/rust-lang/crates.io-index"
checksum = "183a7773d581154f21b09205a621f305a87e02f73b0408c3682229c049b0b64d"

[[package]]
name = "time"
version = "0.3.34"
source = "registry+https://github.com/rust-lang/crates.io-index"
checksum = "076a857e263d891d7e7a776c05d2c950814239b220f6d0a9e7c39b8c4c3d6c3c"
dependencies = [
    "time-core",
]

[[package]]
name = "time-core"
version = "0.1.1"
source = "registry+https://github.com/rust-lang/crates.io-index"
checksum = "a129d517b18f6c26165b9a0e9607b105a30c884e56277430a19c600680ef2384"

[[package]]
name = "tokio"
version = "1.37.0"
source = "registry+https://github.com/rust-lang/crates.io-index"
checksum = "4006b09c8656f4750a60d271e076b58c72927e78170c85423a08b07b72b8c7d7"

[[package]]
name = "tokio-tungstenite"
version = "0.21.0"
source = "registry+https://github.com/rust-lang/crates.io-index"
checksum = "3e59d7de8f0b1a413e477185b75b3b65150c821594ab8238104a718018697b10"

[[package]]
name = "tokio-util"
version = "0.7.10"
source = "registry+https://github.com/rust-lang/crates.io-index"
checksum = "1f031c4f7e815817268b271d9e57600770a4c53947d8930008810d84b1453c5e"

[[package]]
name = "tower-service"
version = "0.3.2"
source = "registry+https://github.com/rust-lang/crates.io-index"
checksum = "357ca66a62e906f80061c8b5d1dce14773203541080319170243729a95828665"

[[package]]
name = "tracing"
version = "0.1.40"
source = "registry+https://github.com/rust-lang/crates.io-index"
checksum = "c583d6a4b83623585961675d19d741d034f282f5c0b081d0d5e0c3b11bfe3e01"

[[package]]
name = "tracing-attributes"
version = "0.1.27"
source = "registry+https://github.com/rust-lang/crates.io-index"
checksum = "3511948726a28770b05f7c09833b5d9c4f2080e1bdf5078ff707128131112087"

[[package]]
name = "tracing-core"
version = "0.1.32"
source = "registry+https://github.com/rust-lang/crates.io-index"
checksum = "6a4d00c9f104b545eb9a1401185510e475b500b6a02d48311085a1d7f212b288"

[[package]]
name = "try-lock"
version = "0.2.5"
source = "registry+https://github.com/rust-lang/crates.io-index"
checksum = "6c329495031e611a5f4d12c028778ce43b50792e4237ec40c44511b3063e5139"

[[package]]
name = "typed-builder"
version = "0.15.1"
source = "registry+https://github.com/rust-lang/crates.io-index"
checksum = "9c0302718f7ac60d4a9c504a1d635849d2e9462372991118273b80f4c6a73da0"

[[package]]
name = "unicode-bidi"
version = "0.3.13"
source = "registry+https://github.com/rust-lang/crates.io-index"
checksum = "0d7145191a290807e8f82f0813412609c7b1f87009849551070c70008105d0b6"

[[package]]
name = "unicode-ident"
version = "1.0.12"
source = "registry+https://github.com/rust-lang/crates.io-index"
checksum = "3354973969a31c7e4283491b39b3487c7077e4073e549a1a4171d62f92282951"

[[package]]
name = "unicode-normalization"
version = "0.1.23"
source = "registry+https://github.com/rust-lang/crates.io-index"
checksum = "4c91a31008727d509b49014a07598f37c653b6148115e005373e8c1171919e13"

[[package]]
name = "url"
version = "2.5.0"
source = "registry+https://github.com/rust-lang/crates.io-index"
checksum = "802086c644748d0b1964f7004537c52814823600985391a31108f7102173d911"

[[package]]
name = "utf8-decode"
version = "0.2.0"
source = "registry+https://github.com/rust-lang/crates.io-index"
checksum = "a7c04b58e0d8693033946530413d207e27c05e4c4e01651a1f1f8e9a7a9a9e3c"

[[package]]
name = "uuid"
version = "1.7.0"
source = "registry+https://github.com/rust-lang/crates.io-index"
checksum = "8d07289e19b8282637f5453b4a810830523b952c9c598f05706941a401e9c70d"
dependencies = [
    "serde",
]

[[package]]
name = "windows-sys"
version = "0.52.0"
source = "registry+https://github.com/rust-lang/crates.io-index"
checksum = "d35895694500f603c24a109e57103e819a12b4214b5e0b5e42d8b9f8a47b9a4b"
dependencies = [
    "windows-targets",
]

[[package]]
name = "windows-targets"
version = "0.52.6"
source = "registry+https://github.com/rust-lang/crates.io-index"
checksum = "13c0420814f25e7b4a39b815f8b5e7915b922e4539de19396ff725c3005d1172"
dependencies = [
    "winapi",
]

[[package]]
name = "winapi"
version = "0.3.9"
source = "registry+https://github.com/rust-lang/crates.io-index"
checksum = "3804108f8557b1112691797d21295e65603f0874881bfa19994e5a2493b040c8"